
Microsoft Visual Studio Solution File, Format Version 12.00
# Visual Studio Version 17
VisualStudioVersion = 17.7.34003.232
MinimumVisualStudioVersion = 10.0.40219.1
Project("{9A19103F-16F7-4668-BE54-9A1E7A4F7556}") = "Atech", "Atech\Atech.csproj", "{75ED500D-B73E-4F66-9E23-B8A0EAC88D31}"
EndProject
Project("{9A19103F-16F7-4668-BE54-9A1E7A4F7556}") = "Atech.DAL", "Atech.DAL\Atech.DAL.csproj", "{A20ABAD9-DC5A-4C20-88E3-873EAE58F032}"
EndProject
Project("{9A19103F-16F7-4668-BE54-9A1E7A4F7556}") = "Atech.BAL", "Atech.BAL\Atech.BAL.csproj", "{FF98386F-D8B0-40C5-9C0D-7BF8C2A04D70}"
EndProject
Project("{9A19103F-16F7-4668-BE54-9A1E7A4F7556}") = "Atech.Utility", "Atech.Utility\Atech.Utility.csproj", "{B829F1B1-61D3-44AF-A1C7-D9BF003A5C88}"
EndProject
Project("{FAE04EC0-301F-11D3-BF4B-00C04F79EFBC}") = "Atech.ObjectModel", "Atech.ObjectModel\Atech.ObjectModel.csproj", "{F73BE457-1DFF-4467-90DA-808900930BAC}"
EndProject
Global
	GlobalSection(SolutionConfigurationPlatforms) = preSolution
		Debug|Any CPU = Debug|Any CPU
		Release|Any CPU = Release|Any CPU
	EndGlobalSection
	GlobalSection(ProjectConfigurationPlatforms) = postSolution
		{75ED500D-B73E-4F66-9E23-B8A0EAC88D31}.Debug|Any CPU.ActiveCfg = Debug|Any CPU
		{75ED500D-B73E-4F66-9E23-B8A0EAC88D31}.Debug|Any CPU.Build.0 = Debug|Any CPU
		{75ED500D-B73E-4F66-9E23-B8A0EAC88D31}.Release|Any CPU.ActiveCfg = Release|Any CPU
		{75ED500D-B73E-4F66-9E23-B8A0EAC88D31}.Release|Any CPU.Build.0 = Release|Any CPU
		{A20ABAD9-DC5A-4C20-88E3-873EAE58F032}.Debug|Any CPU.ActiveCfg = Debug|Any CPU
		{A20ABAD9-DC5A-4C20-88E3-873EAE58F032}.Debug|Any CPU.Build.0 = Debug|Any CPU
		{A20ABAD9-DC5A-4C20-88E3-873EAE58F032}.Release|Any CPU.ActiveCfg = Release|Any CPU
		{A20ABAD9-DC5A-4C20-88E3-873EAE58F032}.Release|Any CPU.Build.0 = Release|Any CPU
		{FF98386F-D8B0-40C5-9C0D-7BF8C2A04D70}.Debug|Any CPU.ActiveCfg = Debug|Any CPU
		{FF98386F-D8B0-40C5-9C0D-7BF8C2A04D70}.Debug|Any CPU.Build.0 = Debug|Any CPU
		{FF98386F-D8B0-40C5-9C0D-7BF8C2A04D70}.Release|Any CPU.ActiveCfg = Release|Any CPU
		{FF98386F-D8B0-40C5-9C0D-7BF8C2A04D70}.Release|Any CPU.Build.0 = Release|Any CPU
		{B829F1B1-61D3-44AF-A1C7-D9BF003A5C88}.Debug|Any CPU.ActiveCfg = Debug|Any CPU
		{B829F1B1-61D3-44AF-A1C7-D9BF003A5C88}.Debug|Any CPU.Build.0 = Debug|Any CPU
		{B829F1B1-61D3-44AF-A1C7-D9BF003A5C88}.Release|Any CPU.ActiveCfg = Release|Any CPU
		{B829F1B1-61D3-44AF-A1C7-D9BF003A5C88}.Release|Any CPU.Build.0 = Release|Any CPU
		{F73BE457-1DFF-4467-90DA-808900930BAC}.Debug|Any CPU.ActiveCfg = Debug|Any CPU
		{F73BE457-1DFF-4467-90DA-808900930BAC}.Debug|Any CPU.Build.0 = Debug|Any CPU
		{F73BE457-1DFF-4467-90DA-808900930BAC}.Release|Any CPU.ActiveCfg = Release|Any CPU
		{F73BE457-1DFF-4467-90DA-808900930BAC}.Release|Any CPU.Build.0 = Release|Any CPU
	EndGlobalSection
	GlobalSection(SolutionProperties) = preSolution
		HideSolutionNode = FALSE
	EndGlobalSection
	GlobalSection(ExtensibilityGlobals) = postSolution
		SolutionGuid = {ECCEE8D0-3A3D-4BC2-AA91-B2FB3516F299}
	EndGlobalSection
EndGlobal
